// !$*UTF8*$!
{
	archiveVersion = 1;
	classes = {
	};
	objectVersion = 56;
	objects = {

/* Begin PBXBuildFile section */
		E031C9E329BF5C4A004D4D27 /* AP_Project_LernerApp.swift in Sources */ = {isa = PBXBuildFile; fileRef = E031C9E229BF5C4A004D4D27 /* AP_Project_LernerApp.swift */; };
		E031C9E529BF5C4A004D4D27 /* ContentView.swift in Sources */ = {isa = PBXBuildFile; fileRef = E031C9E429BF5C4A004D4D27 /* ContentView.swift */; };
		E031C9E729BF5C4C004D4D27 /* Assets.xcassets in Resources */ = {isa = PBXBuildFile; fileRef = E031C9E629BF5C4C004D4D27 /* Assets.xcassets */; };
		E031C9EA29BF5C4C004D4D27 /* Preview Assets.xcassets in Resources */ = {isa = PBXBuildFile; fileRef = E031C9E929BF5C4C004D4D27 /* Preview Assets.xcassets */; };
		E031C9F129BF60C3004D4D27 /* ListsManager.swift in Sources */ = {isa = PBXBuildFile; fileRef = E031C9F029BF60C3004D4D27 /* ListsManager.swift */; };
		E031C9F629BF612C004D4D27 /* DetailView.swift in Sources */ = {isa = PBXBuildFile; fileRef = E031C9F529BF612C004D4D27 /* DetailView.swift */; };
		E031C9F829BF6150004D4D27 /* SettingsView.swift in Sources */ = {isa = PBXBuildFile; fileRef = E031C9F729BF6150004D4D27 /* SettingsView.swift */; };
		E031C9FA29BF6309004D4D27 /* ListItem.swift in Sources */ = {isa = PBXBuildFile; fileRef = E031C9F929BF6309004D4D27 /* ListItem.swift */; };
/* End PBXBuildFile section */

/* Begin PBXFileReference section */
		E031C9DF29BF5C4A004D4D27 /* AP.Project.Lerner.app */ = {isa = PBXFileReference; explicitFileType = wrapper.application; includeInIndex = 0; path = AP.Project.Lerner.app; sourceTree = BUILT_PRODUCTS_DIR; };
		E031C9E229BF5C4A004D4D27 /* AP_Project_LernerApp.swift */ = {isa = PBXFileReference; lastKnownFileType = sourcecode.swift; path = AP_Project_LernerApp.swift; sourceTree = "<group>"; };
		E031C9E429BF5C4A004D4D27 /* ContentView.swift */ = {isa = PBXFileReference; lastKnownFileType = sourcecode.swift; path = ContentView.swift; sourceTree = "<group>"; };
		E031C9E629BF5C4C004D4D27 /* Assets.xcassets */ = {isa = PBXFileReference; lastKnownFileType = folder.assetcatalog; path = Assets.xcassets; sourceTree = "<group>"; };
		E031C9E929BF5C4C004D4D27 /* Preview Assets.xcassets */ = {isa = PBXFileReference; lastKnownFileType = folder.assetcatalog; path = "Preview Assets.xcassets"; sourceTree = "<group>"; };
		E031C9F029BF60C3004D4D27 /* ListsManager.swift */ = {isa = PBXFileReference; lastKnownFileType = sourcecode.swift; path = ListsManager.swift; sourceTree = "<group>"; };
		E031C9F529BF612C004D4D27 /* DetailView.swift */ = {isa = PBXFileReference; lastKnownFileType = sourcecode.swift; path = DetailView.swift; sourceTree = "<group>"; };
		E031C9F729BF6150004D4D27 /* SettingsView.swift */ = {isa = PBXFileReference; lastKnownFileType = sourcecode.swift; path = SettingsView.swift; sourceTree = "<group>"; };
		E031C9F929BF6309004D4D27 /* ListItem.swift */ = {isa = PBXFileReference; lastKnownFileType = sourcecode.swift; path = ListItem.swift; sourceTree = "<group>"; };
/* End PBXFileReference section */

/* Begin PBXFrameworksBuildPhase section */
		E031C9DC29BF5C4A004D4D27 /* Frameworks */ = {
			isa = PBXFrameworksBuildPhase;
			buildActionMask = 2147483647;
			files = (
			);
			runOnlyForDeploymentPostprocessing = 0;
		};
/* End PBXFrameworksBuildPhase section */

/* Begin PBXGroup section */
		E031C9D629BF5C4A004D4D27 = {
			isa = PBXGroup;
			children = (
				E031C9E129BF5C4A004D4D27 /* AP.Project.Lerner */,
				E031C9E029BF5C4A004D4D27 /* Products */,
			);
			sourceTree = "<group>";
		};
		E031C9E029BF5C4A004D4D27 /* Products */ = {
			isa = PBXGroup;
			children = (
				E031C9DF29BF5C4A004D4D27 /* AP.Project.Lerner.app */,
			);
			name = Products;
			sourceTree = "<group>";
		};
		E031C9E129BF5C4A004D4D27 /* AP.Project.Lerner */ = {
			isa = PBXGroup;
			children = (
				E031C9E229BF5C4A004D4D27 /* AP_Project_LernerApp.swift */,
				E031C9E429BF5C4A004D4D27 /* ContentView.swift */,
				E031C9F329BF60D5004D4D27 /* Views */,
				E031C9F229BF60CC004D4D27 /* Models */,
				E031C9F429BF60DA004D4D27 /* Components */,
				E031C9E629BF5C4C004D4D27 /* Assets.xcassets */,
				E031C9E829BF5C4C004D4D27 /* Preview Content */,
			);
			path = AP.Project.Lerner;
			sourceTree = "<group>";
		};
		E031C9E829BF5C4C004D4D27 /* Preview Content */ = {
			isa = PBXGroup;
			children = (
				E031C9E929BF5C4C004D4D27 /* Preview Assets.xcassets */,
				E031C9F029BF60C3004D4D27 /* ListsManager.swift */,
			);
			path = "Preview Content";
			sourceTree = "<group>";
		};
		E031C9F229BF60CC004D4D27 /* Models */ = {
			isa = PBXGroup;
			children = (
			);
			path = Models;
			sourceTree = "<group>";
		};
		E031C9F329BF60D5004D4D27 /* Views */ = {
			isa = PBXGroup;
			children = (
				E031C9F529BF612C004D4D27 /* DetailView.swift */,
				E031C9F729BF6150004D4D27 /* SettingsView.swift */,
			);
			path = Views;
			sourceTree = "<group>";
		};
		E031C9F429BF60DA004D4D27 /* Components */ = {
			isa = PBXGroup;
			children = (
				E031C9F929BF6309004D4D27 /* ListItem.swift */,
			);
			path = Components;
			sourceTree = "<group>";
		};
/* End PBXGroup section */

/* Begin PBXNativeTarget section */
		E031C9DE29BF5C4A004D4D27 /* AP.Project.Lerner */ = {
			isa = PBXNativeTarget;
			buildConfigurationList = E031C9ED29BF5C4C004D4D27 /* Build configuration list for PBXNativeTarget "AP.Project.Lerner" */;
			buildPhases = (
				E031C9DB29BF5C4A004D4D27 /* Sources */,
				E031C9DC29BF5C4A004D4D27 /* Frameworks */,
				E031C9DD29BF5C4A004D4D27 /* Resources */,
			);
			buildRules = (
			);
			dependencies = (
			);
			name = AP.Project.Lerner;
			productName = AP.Project.Lerner;
			productReference = E031C9DF29BF5C4A004D4D27 /* AP.Project.Lerner.app */;
			productType = "com.apple.product-type.application";
		};
/* End PBXNativeTarget section */

/* Begin PBXProject section */
		E031C9D729BF5C4A004D4D27 /* Project object */ = {
			isa = PBXProject;
			attributes = {
				BuildIndependentTargetsInParallel = 1;
				LastSwiftUpdateCheck = 1410;
				LastUpgradeCheck = 1410;
				TargetAttributes = {
					E031C9DE29BF5C4A004D4D27 = {
						CreatedOnToolsVersion = 14.1;
					};
				};
			};
			buildConfigurationList = E031C9DA29BF5C4A004D4D27 /* Build configuration list for PBXProject "AP.Project.Lerner" */;
			compatibilityVersion = "Xcode 14.0";
			developmentRegion = en;
			hasScannedForEncodings = 0;
			knownRegions = (
				en,
				Base,
			);
			mainGroup = E031C9D629BF5C4A004D4D27;
			productRefGroup = E031C9E029BF5C4A004D4D27 /* Products */;
			projectDirPath = "";
			projectRoot = "";
			targets = (
				E031C9DE29BF5C4A004D4D27 /* AP.Project.Lerner */,
			);
		};
/* End PBXProject section */

/* Begin PBXResourcesBuildPhase section */
		E031C9DD29BF5C4A004D4D27 /* Resources */ = {
			isa = PBXResourcesBuildPhase;
			buildActionMask = 2147483647;
			files = (
				E031C9EA29BF5C4C004D4D27 /* Preview Assets.xcassets in Resources */,
				E031C9E729BF5C4C004D4D27 /* Assets.xcassets in Resources */,
			);
			runOnlyForDeploymentPostprocessing = 0;
		};
/* End PBXResourcesBuildPhase section */

/* Begin PBXSourcesBuildPhase section */
		E031C9DB29BF5C4A004D4D27 /* Sources */ = {
			isa = PBXSourcesBuildPhase;
			buildActionMask = 2147483647;
			files = (
				E031C9FA29BF6309004D4D27 /* ListItem.swift in Sources */,
				E031C9F829BF6150004D4D27 /* SettingsView.swift in Sources */,
				E031C9E529BF5C4A004D4D27 /* ContentView.swift in Sources */,
				E031C9F629BF612C004D4D27 /* DetailView.swift in Sources */,
				E031C9F129BF60C3004D4D27 /* ListsManager.swift in Sources */,
				E031C9E329BF5C4A004D4D27 /* AP_Project_LernerApp.swift in Sources */,
			);
			runOnlyForDeploymentPostprocessing = 0;
		};
/* End PBXSourcesBuildPhase section */

/* Begin XCBuildConfiguration section */
		E031C9EB29BF5C4C004D4D27 /* Debug */ = {
			isa = XCBuildConfiguration;
			buildSettings = {
				ALWAYS_SEARCH_USER_PATHS = NO;
				CLANG_ANALYZER_NONNULL = YES;
				CLANG_ANALYZER_NUMBER_OBJECT_CONVERSION = YES_AGGRESSIVE;
				CLANG_CXX_LANGUAGE_STANDARD = "gnu++20";
				CLANG_ENABLE_MODULES = YES;
				CLANG_ENABLE_OBJC_ARC = YES;
				CLANG_ENABLE_OBJC_WEAK = YES;
				CLANG_WARN_BLOCK_CAPTURE_AUTORELEASING = YES;
				CLANG_WARN_BOOL_CONVERSION = YES;
				CLANG_WARN_COMMA = YES;
				CLANG_WARN_CONSTANT_CONVERSION = YES;
				CLANG_WARN_DEPRECATED_OBJC_IMPLEMENTATIONS = YES;
				CLANG_WARN_DIRECT_OBJC_ISA_USAGE = YES_ERROR;
				CLANG_WARN_DOCUMENTATION_COMMENTS = YES;
				CLANG_WARN_EMPTY_BODY = YES;
				CLANG_WARN_ENUM_CONVERSION = YES;
				CLANG_WARN_INFINITE_RECURSION = YES;
				CLANG_WARN_INT_CONVERSION = YES;
				CLANG_WARN_NON_LITERAL_NULL_CONVERSION = YES;
				CLANG_WARN_OBJC_IMPLICIT_RETAIN_SELF = YES;
				CLANG_WARN_OBJC_LITERAL_CONVERSION = YES;
				CLANG_WARN_OBJC_ROOT_CLASS = YES_ERROR;
				CLANG_WARN_QUOTED_INCLUDE_IN_FRAMEWORK_HEADER = YES;
				CLANG_WARN_RANGE_LOOP_ANALYSIS = YES;
				CLANG_WARN_STRICT_PROTOTYPES = YES;
				CLANG_WARN_SUSPICIOUS_MOVE = YES;
				CLANG_WARN_UNGUARDED_AVAILABILITY = YES_AGGRESSIVE;
				CLANG_WARN_UNREACHABLE_CODE = YES;
				CLANG_WARN__DUPLICATE_METHOD_MATCH = YES;
				COPY_PHASE_STRIP = NO;
				DEBUG_INFORMATION_FORMAT = dwarf;
				ENABLE_STRICT_OBJC_MSGSEND = YES;
				ENABLE_TESTABILITY = YES;
				GCC_C_LANGUAGE_STANDARD = gnu11;
				GCC_DYNAMIC_NO_PIC = NO;
				GCC_NO_COMMON_BLOCKS = YES;
				GCC_OPTIMIZATION_LEVEL = 0;
				GCC_PREPROCESSOR_DEFINITIONS = (
					"DEBUG=1",
					"$(inherited)",
				);
				GCC_WARN_64_TO_32_BIT_CONVERSION = YES;
				GCC_WARN_ABOUT_RETURN_TYPE = YES_ERROR;
				GCC_WARN_UNDECLARED_SELECTOR = YES;
				GCC_WARN_UNINITIALIZED_AUTOS = YES_AGGRESSIVE;
				GCC_WARN_UNUSED_FUNCTION = YES;
				GCC_WARN_UNUSED_VARIABLE = YES;
				IPHONEOS_DEPLOYMENT_TARGET = 16.1;
				MTL_ENABLE_DEBUG_INFO = INCLUDE_SOURCE;
				MTL_FAST_MATH = YES;
				ONLY_ACTIVE_ARCH = YES;
				SDKROOT = iphoneos;
				SWIFT_ACTIVE_COMPILATION_CONDITIONS = DEBUG;
				SWIFT_OPTIMIZATION_LEVEL = "-Onone";
			};
			name = Debug;
		};
		E031C9EC29BF5C4C004D4D27 /* Release */ = {
			isa = XCBuildConfiguration;
			buildSettings = {
				ALWAYS_SEARCH_USER_PATHS = NO;
				CLANG_ANALYZER_NONNULL = YES;
				CLANG_ANALYZER_NUMBER_OBJECT_CONVERSION = YES_AGGRESSIVE;
				CLANG_CXX_LANGUAGE_STANDARD = "gnu++20";
				CLANG_ENABLE_MODULES = YES;
				CLANG_ENABLE_OBJC_ARC = YES;
				CLANG_ENABLE_OBJC_WEAK = YES;
				CLANG_WARN_BLOCK_CAPTURE_AUTORELEASING = YES;
				CLANG_WARN_BOOL_CONVERSION = YES;
				CLANG_WARN_COMMA = YES;
				CLANG_WARN_CONSTANT_CONVERSION = YES;
				CLANG_WARN_DEPRECATED_OBJC_IMPLEMENTATIONS = YES;
				CLANG_WARN_DIRECT_OBJC_ISA_USAGE = YES_ERROR;
				CLANG_WARN_DOCUMENTATION_COMMENTS = YES;
				CLANG_WARN_EMPTY_BODY = YES;
				CLANG_WARN_ENUM_CONVERSION = YES;
				CLANG_WARN_INFINITE_RECURSION = YES;
				CLANG_WARN_INT_CONVERSION = YES;
				CLANG_WARN_NON_LITERAL_NULL_CONVERSION = YES;
				CLANG_WARN_OBJC_IMPLICIT_RETAIN_SELF = YES;
				CLANG_WARN_OBJC_LITERAL_CONVERSION = YES;
				CLANG_WARN_OBJC_ROOT_CLASS = YES_ERROR;
				CLANG_WARN_QUOTED_INCLUDE_IN_FRAMEWORK_HEADER = YES;
				CLANG_WARN_RANGE_LOOP_ANALYSIS = YES;
				CLANG_WARN_STRICT_PROTOTYPES = YES;
				CLANG_WARN_SUSPICIOUS_MOVE = YES;
				CLANG_WARN_UNGUARDED_AVAILABILITY = YES_AGGRESSIVE;
				CLANG_WARN_UNREACHABLE_CODE = YES;
				CLANG_WARN__DUPLICATE_METHOD_MATCH = YES;
				COPY_PHASE_STRIP = NO;
				DEBUG_INFORMATION_FORMAT = "dwarf-with-dsym";
				ENABLE_NS_ASSERTIONS = NO;
				ENABLE_STRICT_OBJC_MSGSEND = YES;
				GCC_C_LANGUAGE_STANDARD = gnu11;
				GCC_NO_COMMON_BLOCKS = YES;
				GCC_WARN_64_TO_32_BIT_CONVERSION = YES;
				GCC_WARN_ABOUT_RETURN_TYPE = YES_ERROR;
				GCC_WARN_UNDECLARED_SELECTOR = YES;
				GCC_WARN_UNINITIALIZED_AUTOS = YES_AGGRESSIVE;
				GCC_WARN_UNUSED_FUNCTION = YES;
				GCC_WARN_UNUSED_VARIABLE = YES;
				IPHONEOS_DEPLOYMENT_TARGET = 16.1;
				MTL_ENABLE_DEBUG_INFO = NO;
				MTL_FAST_MATH = YES;
				SDKROOT = iphoneos;
				SWIFT_COMPILATION_MODE = wholemodule;
				SWIFT_OPTIMIZATION_LEVEL = "-O";
				VALIDATE_PRODUCT = YES;
			};
			name = Release;
		};
		E031C9EE29BF5C4C004D4D27 /* Debug */ = {
			isa = XCBuildConfiguration;
			buildSettings = {
				ASSETCATALOG_COMPILER_APPICON_NAME = AppIcon;
				ASSETCATALOG_COMPILER_GLOBAL_ACCENT_COLOR_NAME = AccentColor;
				CODE_SIGN_STYLE = Automatic;
				CURRENT_PROJECT_VERSION = 1;
				DEVELOPMENT_ASSET_PATHS = "\"AP.Project.Lerner/Preview Content\"";
				ENABLE_PREVIEWS = YES;
				GENERATE_INFOPLIST_FILE = YES;
				INFOPLIST_KEY_UIApplicationSceneManifest_Generation = YES;
				INFOPLIST_KEY_UIApplicationSupportsIndirectInputEvents = YES;
				INFOPLIST_KEY_UILaunchScreen_Generation = YES;
				INFOPLIST_KEY_UISupportedInterfaceOrientations_iPad = "UIInterfaceOrientationPortrait UIInterfaceOrientationPortraitUpsideDown UIInterfaceOrientationLandscapeLeft UIInterfaceOrientationLandscapeRight";
				INFOPLIST_KEY_UISupportedInterfaceOrientations_iPhone = "UIInterfaceOrientationPortrait UIInterfaceOrientationLandscapeLeft UIInterfaceOrientationLandscapeRight";
				LD_RUNPATH_SEARCH_PATHS = (
					"$(inherited)",
					"@executable_path/Frameworks",
				);
				MARKETING_VERSION = 1.0;
				PRODUCT_BUNDLE_IDENTIFIER = "com.example.AP-Project-Lerner";
				PRODUCT_NAME = "$(TARGET_NAME)";
				SWIFT_EMIT_LOC_STRINGS = YES;
				SWIFT_VERSION = 5.0;
				TARGETED_DEVICE_FAMILY = "1,2";
			};
			name = Debug;
		};
		E031C9EF29BF5C4C004D4D27 /* Release */ = {
			isa = XCBuildConfiguration;
			buildSettings = {
				ASSETCATALOG_COMPILER_APPICON_NAME = AppIcon;
				ASSETCATALOG_COMPILER_GLOBAL_ACCENT_COLOR_NAME = AccentColor;
				CODE_SIGN_STYLE = Automatic;
				CURRENT_PROJECT_VERSION = 1;
				DEVELOPMENT_ASSET_PATHS = "\"AP.Project.Lerner/Preview Content\"";
				ENABLE_PREVIEWS = YES;
				GENERATE_INFOPLIST_FILE = YES;
				INFOPLIST_KEY_UIApplicationSceneManifest_Generation = YES;
				INFOPLIST_KEY_UIApplicationSupportsIndirectInputEvents = YES;
				INFOPLIST_KEY_UILaunchScreen_Generation = YES;
				INFOPLIST_KEY_UISupportedInterfaceOrientations_iPad = "UIInterfaceOrientationPortrait UIInterfaceOrientationPortraitUpsideDown UIInterfaceOrientationLandscapeLeft UIInterfaceOrientationLandscapeRight";
				INFOPLIST_KEY_UISupportedInterfaceOrientations_iPhone = "UIInterfaceOrientationPortrait UIInterfaceOrientationLandscapeLeft UIInterfaceOrientationLandscapeRight";
				LD_RUNPATH_SEARCH_PATHS = (
					"$(inherited)",
					"@executable_path/Frameworks",
				);
				MARKETING_VERSION = 1.0;
				PRODUCT_BUNDLE_IDENTIFIER = "com.example.AP-Project-Lerner";
				PRODUCT_NAME = "$(TARGET_NAME)";
				SWIFT_EMIT_LOC_STRINGS = YES;
				SWIFT_VERSION = 5.0;
				TARGETED_DEVICE_FAMILY = "1,2";
			};
			name = Release;
		};
/* End XCBuildConfiguration section */

/* Begin XCConfigurationList section */
		E031C9DA29BF5C4A004D4D27 /* Build configuration list for PBXProject "AP.Project.Lerner" */ = {
			isa = XCConfigurationList;
			buildConfigurations = (
				E031C9EB29BF5C4C004D4D27 /* Debug */,
				E031C9EC29BF5C4C004D4D27 /* Release */,
			);
			defaultConfigurationIsVisible = 0;
			defaultConfigurationName = Release;
		};
		E031C9ED29BF5C4C004D4D27 /* Build configuration list for PBXNativeTarget "AP.Project.Lerner" */ = {
			isa = XCConfigurationList;
			buildConfigurations = (
				E031C9EE29BF5C4C004D4D27 /* Debug */,
				E031C9EF29BF5C4C004D4D27 /* Release */,
			);
			defaultConfigurationIsVisible = 0;
			defaultConfigurationName = Release;
		};
/* End XCConfigurationList section */
	};
	rootObject = E031C9D729BF5C4A004D4D27 /* Project object */;
}
